
Microsoft Visual Studio Solution File, Format Version 12.00
# Visual Studio Version 17
VisualStudioVersion = 17.3.32819.101
MinimumVisualStudioVersion = 10.0.40219.1
Project("{FAE04EC0-301F-11D3-BF4B-00C04F79EFBC}") = "task13", "task13.csproj", "{D0E0B0A1-BD57-43A6-AE1F-5BFB57D8E974}"
EndProject
Global
	GlobalSection(SolutionConfigurationPlatforms) = preSolution
		Debug|Any CPU = Debug|Any CPU
		Release|Any CPU = Release|Any CPU
	EndGlobalSection
	GlobalSection(ProjectConfigurationPlatforms) = postSolution
		{D0E0B0A1-BD57-43A6-AE1F-5BFB57D8E974}.Debug|Any CPU.ActiveCfg = Debug|Any CPU
		{D0E0B0A1-BD57-43A6-AE1F-5BFB57D8E974}.Debug|Any CPU.Build.0 = Debug|Any CPU
		{D0E0B0A1-BD57-43A6-AE1F-5BFB57D8E974}.Release|Any CPU.ActiveCfg = Release|Any CPU
		{D0E0B0A1-BD57-43A6-AE1F-5BFB57D8E974}.Release|Any CPU.Build.0 = Release|Any CPU
	EndGlobalSection
	GlobalSection(SolutionProperties) = preSolution
		HideSolutionNode = FALSE
	EndGlobalSection
	GlobalSection(ExtensibilityGlobals) = postSolution
		SolutionGuid = {ABF79042-FFA0-4B70-B63B-428182A381BB}
	EndGlobalSection
EndGlobal
